
Microsoft Visual Studio Solution File, Format Version 12.00
# Visual Studio Version 16
VisualStudioVersion = 16.0.30711.63
MinimumVisualStudioVersion = 10.0.40219.1
Project("{FAE04EC0-301F-11D3-BF4B-00C04F79EFBC}") = "RedCorners.ApiClient", "RedCorners.ApiClient.csproj", "{4E0AE809-5693-4027-A33A-78A9AA4837A1}"
EndProject
Global
	GlobalSection(SolutionConfigurationPlatforms) = preSolution
		Debug|Any CPU = Debug|Any CPU
		Release|Any CPU = Release|Any CPU
	EndGlobalSection
	GlobalSection(ProjectConfigurationPlatforms) = postSolution
		{4E0AE809-5693-4027-A33A-78A9AA4837A1}.Debug|Any CPU.ActiveCfg = Debug|Any CPU
		{4E0AE809-5693-4027-A33A-78A9AA4837A1}.Debug|Any CPU.Build.0 = Debug|Any CPU
		{4E0AE809-5693-4027-A33A-78A9AA4837A1}.Release|Any CPU.ActiveCfg = Release|Any CPU
		{4E0AE809-5693-4027-A33A-78A9AA4837A1}.Release|Any CPU.Build.0 = Release|Any CPU
	EndGlobalSection
	GlobalSection(SolutionProperties) = preSolution
		HideSolutionNode = FALSE
	EndGlobalSection
	GlobalSection(ExtensibilityGlobals) = postSolution
		SolutionGuid = {513644E1-33FE-406F-974A-FB57B12B8D27}
	EndGlobalSection
EndGlobal
